
Microsoft Visual Studio Solution File, Format Version 12.00
# Visual Studio Version 17
VisualStudioVersion = 17.8.34316.72
MinimumVisualStudioVersion = 10.0.40219.1
Project("{FAE04EC0-301F-11D3-BF4B-00C04F79EFBC}") = "TicketLand_project", "TicketLand_project\TicketLand_project.csproj", "{4026E7D3-C202-44DB-8872-74D890AF9670}"
EndProject
Global
	GlobalSection(SolutionConfigurationPlatforms) = preSolution
		Debug|Any CPU = Debug|Any CPU
		Release|Any CPU = Release|Any CPU
	EndGlobalSection
	GlobalSection(ProjectConfigurationPlatforms) = postSolution
		{4026E7D3-C202-44DB-8872-74D890AF9670}.Debug|Any CPU.ActiveCfg = Debug|Any CPU
		{4026E7D3-C202-44DB-8872-74D890AF9670}.Debug|Any CPU.Build.0 = Debug|Any CPU
		{4026E7D3-C202-44DB-8872-74D890AF9670}.Release|Any CPU.ActiveCfg = Release|Any CPU
		{4026E7D3-C202-44DB-8872-74D890AF9670}.Release|Any CPU.Build.0 = Release|Any CPU
	EndGlobalSection
	GlobalSection(SolutionProperties) = preSolution
		HideSolutionNode = FALSE
	EndGlobalSection
	GlobalSection(ExtensibilityGlobals) = postSolution
		SolutionGuid = {2C81976C-0F5C-46E6-BE25-1F3F14D9B007}
	EndGlobalSection
EndGlobal
